
Microsoft Visual Studio Solution File, Format Version 12.00
# Visual Studio 2013
VisualStudioVersion = 12.0.0.0
MinimumVisualStudioVersion = 10.0.0.1
Project("{FAE04EC0-301F-11D3-BF4B-00C04F79EFBC}") = "RedBlackTree", "RedBlackTree\RedBlackTree.csproj", "{5192F0DF-4189-4111-9E58-655D19B6C732}"
EndProject
Project("{FAE04EC0-301F-11D3-BF4B-00C04F79EFBC}") = "PrimeNumbers", "PrimeNumbers\PrimeNumbers.csproj", "{51D62808-2535-42DA-BDA5-E84A30BCB485}"
EndProject
Project("{FAE04EC0-301F-11D3-BF4B-00C04F79EFBC}") = "QuickSort", "QuickSort\QuickSort.csproj", "{5A45B2F5-0AEC-4C8B-A021-DC1588A80EF0}"
EndProject
Project("{FAE04EC0-301F-11D3-BF4B-00C04F79EFBC}") = "MD5Hash", "MD5Hash\MD5Hash.csproj", "{1C5D8F37-81D6-4244-B8C0-50E7845C1540}"
EndProject
Project("{FAE04EC0-301F-11D3-BF4B-00C04F79EFBC}") = "WebRuler", "WebRuler\WebRuler.csproj", "{E35C03C7-4B5F-4246-8A3E-9EAA1192D859}"
EndProject
Global
	GlobalSection(SolutionConfigurationPlatforms) = preSolution
		Debug|Any CPU = Debug|Any CPU
		Release|Any CPU = Release|Any CPU
	EndGlobalSection
	GlobalSection(ProjectConfigurationPlatforms) = postSolution
		{5192F0DF-4189-4111-9E58-655D19B6C732}.Debug|Any CPU.ActiveCfg = Debug|Any CPU
		{5192F0DF-4189-4111-9E58-655D19B6C732}.Debug|Any CPU.Build.0 = Debug|Any CPU
		{5192F0DF-4189-4111-9E58-655D19B6C732}.Release|Any CPU.ActiveCfg = Release|Any CPU
		{5192F0DF-4189-4111-9E58-655D19B6C732}.Release|Any CPU.Build.0 = Release|Any CPU
		{51D62808-2535-42DA-BDA5-E84A30BCB485}.Debug|Any CPU.ActiveCfg = Debug|Any CPU
		{51D62808-2535-42DA-BDA5-E84A30BCB485}.Debug|Any CPU.Build.0 = Debug|Any CPU
		{51D62808-2535-42DA-BDA5-E84A30BCB485}.Release|Any CPU.ActiveCfg = Release|Any CPU
		{51D62808-2535-42DA-BDA5-E84A30BCB485}.Release|Any CPU.Build.0 = Release|Any CPU
		{5A45B2F5-0AEC-4C8B-A021-DC1588A80EF0}.Debug|Any CPU.ActiveCfg = Debug|Any CPU
		{5A45B2F5-0AEC-4C8B-A021-DC1588A80EF0}.Debug|Any CPU.Build.0 = Debug|Any CPU
		{5A45B2F5-0AEC-4C8B-A021-DC1588A80EF0}.Release|Any CPU.ActiveCfg = Release|Any CPU
		{5A45B2F5-0AEC-4C8B-A021-DC1588A80EF0}.Release|Any CPU.Build.0 = Release|Any CPU
		{1C5D8F37-81D6-4244-B8C0-50E7845C1540}.Debug|Any CPU.ActiveCfg = Debug|Any CPU
		{1C5D8F37-81D6-4244-B8C0-50E7845C1540}.Debug|Any CPU.Build.0 = Debug|Any CPU
		{1C5D8F37-81D6-4244-B8C0-50E7845C1540}.Release|Any CPU.ActiveCfg = Release|Any CPU
		{1C5D8F37-81D6-4244-B8C0-50E7845C1540}.Release|Any CPU.Build.0 = Release|Any CPU
		{E35C03C7-4B5F-4246-8A3E-9EAA1192D859}.Debug|Any CPU.ActiveCfg = Debug|Any CPU
		{E35C03C7-4B5F-4246-8A3E-9EAA1192D859}.Debug|Any CPU.Build.0 = Debug|Any CPU
		{E35C03C7-4B5F-4246-8A3E-9EAA1192D859}.Release|Any CPU.ActiveCfg = Release|Any CPU
		{E35C03C7-4B5F-4246-8A3E-9EAA1192D859}.Release|Any CPU.Build.0 = Release|Any CPU
	EndGlobalSection
	GlobalSection(SolutionProperties) = preSolution
		HideSolutionNode = FALSE
	EndGlobalSection
EndGlobal
